# This file was autogenerated by Stack.
# You should not edit this file by hand.
# For more information, please see the documentation at:
#   https://docs.haskellstack.org/en/stable/lock_files

packages:
- completed:
    pantry-tree:
      sha256: 77d99046857b1657d022e660b76aa111c4d69a6d0c6d12bcd3280c7ad924ca13
      size: 2116
    hackage: base64-0.4.2.3@sha256:97bd6f7decaab6110725ef1675a3ed8576233f6bab6599bb813f6caf68d36c94,2876
  original:
    hackage: base64-0.4.2.3
- completed:
    pantry-tree:
      sha256: 22cc61632129d47407d3e28c5291f21b7cc9a5df69304395d75d5ae341f567d4
      size: 1689
    hackage: HaskellNet-0.6@sha256:1b514b95acf1c56f39bebc27150c909988d0a6ad28a2db1210316cffed57cad7,2344
  original:
    hackage: HaskellNet-0.6
- completed:
    name: HaskellNet-SSL
    pantry-tree:
      sha256: c0f875f79ef9584c52c82efdad4d556f3e0250c0062e3e5a5acdc753b49209bd
      size: 786
    commit: 21823c6efefd8ef80c58d58cd0689d4c03e065b4
    git: https://github.com/arbendium/HaskellNet-SSL.git
    version: 0.3.4.4
  original:
    commit: 21823c6efefd8ef80c58d58cd0689d4c03e065b4
    git: https://github.com/arbendium/HaskellNet-SSL.git
snapshots:
- completed:
    sha256: 428ec8d5ce932190d3cbe266b9eb3c175cd81e984babf876b64019e2cbe4ea68
    size: 590100
    url: https://raw.githubusercontent.com/commercialhaskell/stackage-snapshots/master/lts/18/28.yaml
  original: lts-18.28
